# This file is automatically @generated by Cargo.
# It is not intended for manual editing.
version = 3

[[package]]
name = "color_picker"
version = "0.1.0"
dependencies = [
 "winsafe",
]

[[package]]
name = "winsafe"
version = "0.0.16"
source = "registry+https://github.com/rust-lang/crates.io-index"
checksum = "5f7f49f787625d514b564aac6ba73648d4464347b4f38ed71ea15316c2228c12"
